
Microsoft Visual Studio Solution File, Format Version 12.00
# Visual Studio Version 17
VisualStudioVersion = 17.0.32014.148
MinimumVisualStudioVersion = 10.0.40219.1
Project("{FAE04EC0-301F-11D3-BF4B-00C04F79EFBC}") = "MessagingApp", "MessagingApp\MessagingApp.csproj", "{018F122F-946C-4B4A-B6FE-C583A966F2E7}"
EndProject
Global
	GlobalSection(SolutionConfigurationPlatforms) = preSolution
		Debug|Any CPU = Debug|Any CPU
		Release|Any CPU = Release|Any CPU
	EndGlobalSection
	GlobalSection(ProjectConfigurationPlatforms) = postSolution
		{018F122F-946C-4B4A-B6FE-C583A966F2E7}.Debug|Any CPU.ActiveCfg = Debug|Any CPU
		{018F122F-946C-4B4A-B6FE-C583A966F2E7}.Debug|Any CPU.Build.0 = Debug|Any CPU
		{018F122F-946C-4B4A-B6FE-C583A966F2E7}.Release|Any CPU.ActiveCfg = Release|Any CPU
		{018F122F-946C-4B4A-B6FE-C583A966F2E7}.Release|Any CPU.Build.0 = Release|Any CPU
	EndGlobalSection
	GlobalSection(SolutionProperties) = preSolution
		HideSolutionNode = FALSE
	EndGlobalSection
	GlobalSection(ExtensibilityGlobals) = postSolution
		SolutionGuid = {E7630221-77BE-4412-8653-D9B624F5D982}
	EndGlobalSection
EndGlobal
